
Microsoft Visual Studio Solution File, Format Version 12.00
# Visual Studio 14
VisualStudioVersion = 14.0.23107.0
MinimumVisualStudioVersion = 10.0.40219.1
Project("{FAE04EC0-301F-11D3-BF4B-00C04F79EFBC}") = "DesignTimeBox", "DesignTimeBox\DesignTimeBox.csproj", "{B5FFFE82-C478-4872-8154-1BCC7F1ACC6E}"
EndProject
Project("{FAE04EC0-301F-11D3-BF4B-00C04F79EFBC}") = "DesignTimeBox.Design", "DesignTimeBox.Design\DesignTimeBox.Design.csproj", "{8C116D89-E95B-440E-A90C-9C9CFD120EA5}"
EndProject
Global
	GlobalSection(SolutionConfigurationPlatforms) = preSolution
		Debug|Any CPU = Debug|Any CPU
		Release|Any CPU = Release|Any CPU
	EndGlobalSection
	GlobalSection(ProjectConfigurationPlatforms) = postSolution
		{B5FFFE82-C478-4872-8154-1BCC7F1ACC6E}.Debug|Any CPU.ActiveCfg = Debug|Any CPU
		{B5FFFE82-C478-4872-8154-1BCC7F1ACC6E}.Debug|Any CPU.Build.0 = Debug|Any CPU
		{B5FFFE82-C478-4872-8154-1BCC7F1ACC6E}.Release|Any CPU.ActiveCfg = Release|Any CPU
		{B5FFFE82-C478-4872-8154-1BCC7F1ACC6E}.Release|Any CPU.Build.0 = Release|Any CPU
		{8C116D89-E95B-440E-A90C-9C9CFD120EA5}.Debug|Any CPU.ActiveCfg = Debug|Any CPU
		{8C116D89-E95B-440E-A90C-9C9CFD120EA5}.Debug|Any CPU.Build.0 = Debug|Any CPU
		{8C116D89-E95B-440E-A90C-9C9CFD120EA5}.Release|Any CPU.ActiveCfg = Release|Any CPU
		{8C116D89-E95B-440E-A90C-9C9CFD120EA5}.Release|Any CPU.Build.0 = Release|Any CPU
	EndGlobalSection
	GlobalSection(SolutionProperties) = preSolution
		HideSolutionNode = FALSE
	EndGlobalSection
EndGlobal
